
Microsoft Visual Studio Solution File, Format Version 12.00
# Visual Studio Version 16
VisualStudioVersion = 16.0.29215.179
MinimumVisualStudioVersion = 10.0.40219.1
Project("{9A19103F-16F7-4668-BE54-9A1E7A4F7556}") = "DAL", "DAL\DAL.csproj", "{6F4226CB-3416-4D24-B9E9-4D3E5637FD37}"
EndProject
Project("{9A19103F-16F7-4668-BE54-9A1E7A4F7556}") = "BLL", "BLL\BLL.csproj", "{DE888630-C980-45DA-984C-F0392F9B52D4}"
EndProject
Project("{9A19103F-16F7-4668-BE54-9A1E7A4F7556}") = "Model", "Model\Model.csproj", "{211A6CA4-21C2-4D77-8F4B-5F7E7F5CED4E}"
EndProject
Project("{9A19103F-16F7-4668-BE54-9A1E7A4F7556}") = "IDAL", "IDAL\IDAL.csproj", "{6ED05E91-476C-4746-9EED-CC415C8EDC61}"
EndProject
Project("{9A19103F-16F7-4668-BE54-9A1E7A4F7556}") = "DemoAPI", "DemoAPI\DemoAPI.csproj", "{FCB30D6D-5925-41CD-BE63-3E53848BBCD8}"
EndProject
Global
	GlobalSection(SolutionConfigurationPlatforms) = preSolution
		Debug|Any CPU = Debug|Any CPU
		Release|Any CPU = Release|Any CPU
	EndGlobalSection
	GlobalSection(ProjectConfigurationPlatforms) = postSolution
		{6F4226CB-3416-4D24-B9E9-4D3E5637FD37}.Debug|Any CPU.ActiveCfg = Debug|Any CPU
		{6F4226CB-3416-4D24-B9E9-4D3E5637FD37}.Debug|Any CPU.Build.0 = Debug|Any CPU
		{6F4226CB-3416-4D24-B9E9-4D3E5637FD37}.Release|Any CPU.ActiveCfg = Release|Any CPU
		{6F4226CB-3416-4D24-B9E9-4D3E5637FD37}.Release|Any CPU.Build.0 = Release|Any CPU
		{DE888630-C980-45DA-984C-F0392F9B52D4}.Debug|Any CPU.ActiveCfg = Debug|Any CPU
		{DE888630-C980-45DA-984C-F0392F9B52D4}.Debug|Any CPU.Build.0 = Debug|Any CPU
		{DE888630-C980-45DA-984C-F0392F9B52D4}.Release|Any CPU.ActiveCfg = Release|Any CPU
		{DE888630-C980-45DA-984C-F0392F9B52D4}.Release|Any CPU.Build.0 = Release|Any CPU
		{211A6CA4-21C2-4D77-8F4B-5F7E7F5CED4E}.Debug|Any CPU.ActiveCfg = Debug|Any CPU
		{211A6CA4-21C2-4D77-8F4B-5F7E7F5CED4E}.Debug|Any CPU.Build.0 = Debug|Any CPU
		{211A6CA4-21C2-4D77-8F4B-5F7E7F5CED4E}.Release|Any CPU.ActiveCfg = Release|Any CPU
		{211A6CA4-21C2-4D77-8F4B-5F7E7F5CED4E}.Release|Any CPU.Build.0 = Release|Any CPU
		{6ED05E91-476C-4746-9EED-CC415C8EDC61}.Debug|Any CPU.ActiveCfg = Debug|Any CPU
		{6ED05E91-476C-4746-9EED-CC415C8EDC61}.Debug|Any CPU.Build.0 = Debug|Any CPU
		{6ED05E91-476C-4746-9EED-CC415C8EDC61}.Release|Any CPU.ActiveCfg = Release|Any CPU
		{6ED05E91-476C-4746-9EED-CC415C8EDC61}.Release|Any CPU.Build.0 = Release|Any CPU
		{FCB30D6D-5925-41CD-BE63-3E53848BBCD8}.Debug|Any CPU.ActiveCfg = Debug|Any CPU
		{FCB30D6D-5925-41CD-BE63-3E53848BBCD8}.Debug|Any CPU.Build.0 = Debug|Any CPU
		{FCB30D6D-5925-41CD-BE63-3E53848BBCD8}.Release|Any CPU.ActiveCfg = Release|Any CPU
		{FCB30D6D-5925-41CD-BE63-3E53848BBCD8}.Release|Any CPU.Build.0 = Release|Any CPU
	EndGlobalSection
	GlobalSection(SolutionProperties) = preSolution
		HideSolutionNode = FALSE
	EndGlobalSection
	GlobalSection(ExtensibilityGlobals) = postSolution
		SolutionGuid = {BE5F074C-DB23-4AAA-8B63-44448544F9E5}
	EndGlobalSection
EndGlobal
